// !$*UTF8*$!
{
	archiveVersion = 1;
	classes = {
	};
	objectVersion = 51;
	objects = {

/* Begin PBXBuildFile section */
		0C475887020AF5D6D17725DE /* Pods_AppStoreClone.framework in Frameworks */ = {isa = PBXBuildFile; fileRef = 4BBF99CD1B1583279AB1F073 /* Pods_AppStoreClone.framework */; };
		6FC6CC5623E98A84002A07BB /* AppDelegate.swift in Sources */ = {isa = PBXBuildFile; fileRef = 6FC6CC5523E98A84002A07BB /* AppDelegate.swift */; };
		6FC6CC5823E98A84002A07BB /* SceneDelegate.swift in Sources */ = {isa = PBXBuildFile; fileRef = 6FC6CC5723E98A84002A07BB /* SceneDelegate.swift */; };
		6FC6CC5A23E98A84002A07BB /* ViewController.swift in Sources */ = {isa = PBXBuildFile; fileRef = 6FC6CC5923E98A84002A07BB /* ViewController.swift */; };
		6FC6CC5D23E98A84002A07BB /* Main.storyboard in Resources */ = {isa = PBXBuildFile; fileRef = 6FC6CC5B23E98A84002A07BB /* Main.storyboard */; };
		6FC6CC5F23E98A8A002A07BB /* Assets.xcassets in Resources */ = {isa = PBXBuildFile; fileRef = 6FC6CC5E23E98A8A002A07BB /* Assets.xcassets */; };
		6FC6CC6223E98A8A002A07BB /* LaunchScreen.storyboard in Resources */ = {isa = PBXBuildFile; fileRef = 6FC6CC6023E98A8A002A07BB /* LaunchScreen.storyboard */; };
		6FC6CC6A23E98BB9002A07BB /* BaseTabBarController.swift in Sources */ = {isa = PBXBuildFile; fileRef = 6FC6CC6923E98BB9002A07BB /* BaseTabBarController.swift */; };
		6FC6CC6D23E99E38002A07BB /* AppsSearchController.swift in Sources */ = {isa = PBXBuildFile; fileRef = 6FC6CC6C23E99E38002A07BB /* AppsSearchController.swift */; };
		6FC6CC7023E9B64C002A07BB /* SearchResultCell.swift in Sources */ = {isa = PBXBuildFile; fileRef = 6FC6CC6F23E9B64C002A07BB /* SearchResultCell.swift */; };
		6FC6CC7323E9C598002A07BB /* UIView+Layout.swift in Sources */ = {isa = PBXBuildFile; fileRef = 6FC6CC7223E9C597002A07BB /* UIView+Layout.swift */; };
		6FC6CC7523E9C9BF002A07BB /* VerticalStackView.swift in Sources */ = {isa = PBXBuildFile; fileRef = 6FC6CC7423E9C9BF002A07BB /* VerticalStackView.swift */; };
		6FC6CC7823EC23F0002A07BB /* SearchResult.swift in Sources */ = {isa = PBXBuildFile; fileRef = 6FC6CC7723EC23F0002A07BB /* SearchResult.swift */; };
		6FC6CC7B23EC5CFB002A07BB /* Service.swift in Sources */ = {isa = PBXBuildFile; fileRef = 6FC6CC7A23EC5CFB002A07BB /* Service.swift */; };
		6FC9382F23EEBC2300E461AD /* AppsPageController.swift in Sources */ = {isa = PBXBuildFile; fileRef = 6FC9382E23EEBC2300E461AD /* AppsPageController.swift */; };
		6FC9383123EEBD4700E461AD /* BaseListController.swift in Sources */ = {isa = PBXBuildFile; fileRef = 6FC9383023EEBD4700E461AD /* BaseListController.swift */; };
		6FC9383523EEBFD300E461AD /* AppsGroupCell.swift in Sources */ = {isa = PBXBuildFile; fileRef = 6FC9383423EEBFD300E461AD /* AppsGroupCell.swift */; };
		6FC9383723EEC42B00E461AD /* AppsHorizontalController.swift in Sources */ = {isa = PBXBuildFile; fileRef = 6FC9383623EEC42B00E461AD /* AppsHorizontalController.swift */; };
		6FC9383923EECEC300E461AD /* AppRowCell.swift in Sources */ = {isa = PBXBuildFile; fileRef = 6FC9383823EECEC300E461AD /* AppRowCell.swift */; };
		6FC9383B23EECF8800E461AD /* Extensions.swift in Sources */ = {isa = PBXBuildFile; fileRef = 6FC9383A23EECF8800E461AD /* Extensions.swift */; };
		6FC9383D23EED95C00E461AD /* AppsPageHeader.swift in Sources */ = {isa = PBXBuildFile; fileRef = 6FC9383C23EED95C00E461AD /* AppsPageHeader.swift */; };
		6FC9383F23EEE17800E461AD /* AppsHeaderHorizontalController.swift in Sources */ = {isa = PBXBuildFile; fileRef = 6FC9383E23EEE17800E461AD /* AppsHeaderHorizontalController.swift */; };
		6FC9384123EEE3B400E461AD /* AppsHeaderCell.swift in Sources */ = {isa = PBXBuildFile; fileRef = 6FC9384023EEE3B400E461AD /* AppsHeaderCell.swift */; };
		6FC9384323EF483400E461AD /* AppGroup.swift in Sources */ = {isa = PBXBuildFile; fileRef = 6FC9384223EF483400E461AD /* AppGroup.swift */; };
		6FC9384523F03FC800E461AD /* HeaderApp.swift in Sources */ = {isa = PBXBuildFile; fileRef = 6FC9384423F03FC800E461AD /* HeaderApp.swift */; };
		6FC9384723F06FFD00E461AD /* HorizontalSnappingController.swift in Sources */ = {isa = PBXBuildFile; fileRef = 6FC9384623F06FFD00E461AD /* HorizontalSnappingController.swift */; };
		6FC9384923F07E5B00E461AD /* BetterSnappingLayout.swift in Sources */ = {isa = PBXBuildFile; fileRef = 6FC9384823F07E5B00E461AD /* BetterSnappingLayout.swift */; };
		6FC9384C23F1728200E461AD /* AppDetailController.swift in Sources */ = {isa = PBXBuildFile; fileRef = 6FC9384B23F1728200E461AD /* AppDetailController.swift */; };
		6FC9385023F17C8C00E461AD /* AppDetailCell.swift in Sources */ = {isa = PBXBuildFile; fileRef = 6FC9384F23F17C8C00E461AD /* AppDetailCell.swift */; };
		6FC9385223F1A36C00E461AD /* PreviewCell.swift in Sources */ = {isa = PBXBuildFile; fileRef = 6FC9385123F1A36C00E461AD /* PreviewCell.swift */; };
		6FC9385423F1A55600E461AD /* PreviewScreenshotsController.swift in Sources */ = {isa = PBXBuildFile; fileRef = 6FC9385323F1A55600E461AD /* PreviewScreenshotsController.swift */; };
		6FC9385623F1BF4100E461AD /* ReviewRowCell.swift in Sources */ = {isa = PBXBuildFile; fileRef = 6FC9385523F1BF4100E461AD /* ReviewRowCell.swift */; };
		6FC9385823F1C16500E461AD /* ReviewsController.swift in Sources */ = {isa = PBXBuildFile; fileRef = 6FC9385723F1C16500E461AD /* ReviewsController.swift */; };
		6FC9385A23F1C43500E461AD /* ReviewCell.swift in Sources */ = {isa = PBXBuildFile; fileRef = 6FC9385923F1C43500E461AD /* ReviewCell.swift */; };
		6FC9385C23F1E76A00E461AD /* Reviews.swift in Sources */ = {isa = PBXBuildFile; fileRef = 6FC9385B23F1E76A00E461AD /* Reviews.swift */; };
/* End PBXBuildFile section */

/* Begin PBXFileReference section */
		4BBF99CD1B1583279AB1F073 /* Pods_AppStoreClone.framework */ = {isa = PBXFileReference; explicitFileType = wrapper.framework; includeInIndex = 0; path = Pods_AppStoreClone.framework; sourceTree = BUILT_PRODUCTS_DIR; };
		6FC6CC5223E98A84002A07BB /* AppStoreClone.app */ = {isa = PBXFileReference; explicitFileType = wrapper.application; includeInIndex = 0; path = AppStoreClone.app; sourceTree = BUILT_PRODUCTS_DIR; };
		6FC6CC5523E98A84002A07BB /* AppDelegate.swift */ = {isa = PBXFileReference; lastKnownFileType = sourcecode.swift; path = AppDelegate.swift; sourceTree = "<group>"; };
		6FC6CC5723E98A84002A07BB /* SceneDelegate.swift */ = {isa = PBXFileReference; lastKnownFileType = sourcecode.swift; path = SceneDelegate.swift; sourceTree = "<group>"; };
		6FC6CC5923E98A84002A07BB /* ViewController.swift */ = {isa = PBXFileReference; lastKnownFileType = sourcecode.swift; path = ViewController.swift; sourceTree = "<group>"; };
		6FC6CC5C23E98A84002A07BB /* Base */ = {isa = PBXFileReference; lastKnownFileType = file.storyboard; name = Base; path = Base.lproj/Main.storyboard; sourceTree = "<group>"; };
		6FC6CC5E23E98A8A002A07BB /* Assets.xcassets */ = {isa = PBXFileReference; lastKnownFileType = folder.assetcatalog; path = Assets.xcassets; sourceTree = "<group>"; };
		6FC6CC6123E98A8A002A07BB /* Base */ = {isa = PBXFileReference; lastKnownFileType = file.storyboard; name = Base; path = Base.lproj/LaunchScreen.storyboard; sourceTree = "<group>"; };
		6FC6CC6323E98A8A002A07BB /* Info.plist */ = {isa = PBXFileReference; lastKnownFileType = text.plist.xml; path = Info.plist; sourceTree = "<group>"; };
		6FC6CC6923E98BB9002A07BB /* BaseTabBarController.swift */ = {isa = PBXFileReference; lastKnownFileType = sourcecode.swift; path = BaseTabBarController.swift; sourceTree = "<group>"; };
		6FC6CC6C23E99E38002A07BB /* AppsSearchController.swift */ = {isa = PBXFileReference; lastKnownFileType = sourcecode.swift; path = AppsSearchController.swift; sourceTree = "<group>"; };
		6FC6CC6F23E9B64C002A07BB /* SearchResultCell.swift */ = {isa = PBXFileReference; lastKnownFileType = sourcecode.swift; path = SearchResultCell.swift; sourceTree = "<group>"; };
		6FC6CC7223E9C597002A07BB /* UIView+Layout.swift */ = {isa = PBXFileReference; fileEncoding = 4; lastKnownFileType = sourcecode.swift; path = "UIView+Layout.swift"; sourceTree = "<group>"; };
		6FC6CC7423E9C9BF002A07BB /* VerticalStackView.swift */ = {isa = PBXFileReference; lastKnownFileType = sourcecode.swift; path = VerticalStackView.swift; sourceTree = "<group>"; };
		6FC6CC7723EC23F0002A07BB /* SearchResult.swift */ = {isa = PBXFileReference; lastKnownFileType = sourcecode.swift; path = SearchResult.swift; sourceTree = "<group>"; };
		6FC6CC7A23EC5CFB002A07BB /* Service.swift */ = {isa = PBXFileReference; lastKnownFileType = sourcecode.swift; path = Service.swift; sourceTree = "<group>"; };
		6FC9382E23EEBC2300E461AD /* AppsPageController.swift */ = {isa = PBXFileReference; lastKnownFileType = sourcecode.swift; path = AppsPageController.swift; sourceTree = "<group>"; };
		6FC9383023EEBD4700E461AD /* BaseListController.swift */ = {isa = PBXFileReference; lastKnownFileType = sourcecode.swift; path = BaseListController.swift; sourceTree = "<group>"; };
		6FC9383423EEBFD300E461AD /* AppsGroupCell.swift */ = {isa = PBXFileReference; lastKnownFileType = sourcecode.swift; path = AppsGroupCell.swift; sourceTree = "<group>"; };
		6FC9383623EEC42B00E461AD /* AppsHorizontalController.swift */ = {isa = PBXFileReference; lastKnownFileType = sourcecode.swift; path = AppsHorizontalController.swift; sourceTree = "<group>"; };
		6FC9383823EECEC300E461AD /* AppRowCell.swift */ = {isa = PBXFileReference; lastKnownFileType = sourcecode.swift; path = AppRowCell.swift; sourceTree = "<group>"; };
		6FC9383A23EECF8800E461AD /* Extensions.swift */ = {isa = PBXFileReference; lastKnownFileType = sourcecode.swift; path = Extensions.swift; sourceTree = "<group>"; };
		6FC9383C23EED95C00E461AD /* AppsPageHeader.swift */ = {isa = PBXFileReference; lastKnownFileType = sourcecode.swift; path = AppsPageHeader.swift; sourceTree = "<group>"; };
		6FC9383E23EEE17800E461AD /* AppsHeaderHorizontalController.swift */ = {isa = PBXFileReference; lastKnownFileType = sourcecode.swift; path = AppsHeaderHorizontalController.swift; sourceTree = "<group>"; };
		6FC9384023EEE3B400E461AD /* AppsHeaderCell.swift */ = {isa = PBXFileReference; lastKnownFileType = sourcecode.swift; path = AppsHeaderCell.swift; sourceTree = "<group>"; };
		6FC9384223EF483400E461AD /* AppGroup.swift */ = {isa = PBXFileReference; lastKnownFileType = sourcecode.swift; path = AppGroup.swift; sourceTree = "<group>"; };
		6FC9384423F03FC800E461AD /* HeaderApp.swift */ = {isa = PBXFileReference; lastKnownFileType = sourcecode.swift; path = HeaderApp.swift; sourceTree = "<group>"; };
		6FC9384623F06FFD00E461AD /* HorizontalSnappingController.swift */ = {isa = PBXFileReference; lastKnownFileType = sourcecode.swift; path = HorizontalSnappingController.swift; sourceTree = "<group>"; };
		6FC9384823F07E5B00E461AD /* BetterSnappingLayout.swift */ = {isa = PBXFileReference; lastKnownFileType = sourcecode.swift; path = BetterSnappingLayout.swift; sourceTree = "<group>"; };
		6FC9384B23F1728200E461AD /* AppDetailController.swift */ = {isa = PBXFileReference; lastKnownFileType = sourcecode.swift; path = AppDetailController.swift; sourceTree = "<group>"; };
		6FC9384F23F17C8C00E461AD /* AppDetailCell.swift */ = {isa = PBXFileReference; lastKnownFileType = sourcecode.swift; path = AppDetailCell.swift; sourceTree = "<group>"; };
		6FC9385123F1A36C00E461AD /* PreviewCell.swift */ = {isa = PBXFileReference; lastKnownFileType = sourcecode.swift; path = PreviewCell.swift; sourceTree = "<group>"; };
		6FC9385323F1A55600E461AD /* PreviewScreenshotsController.swift */ = {isa = PBXFileReference; lastKnownFileType = sourcecode.swift; path = PreviewScreenshotsController.swift; sourceTree = "<group>"; };
		6FC9385523F1BF4100E461AD /* ReviewRowCell.swift */ = {isa = PBXFileReference; lastKnownFileType = sourcecode.swift; path = ReviewRowCell.swift; sourceTree = "<group>"; };
		6FC9385723F1C16500E461AD /* ReviewsController.swift */ = {isa = PBXFileReference; lastKnownFileType = sourcecode.swift; path = ReviewsController.swift; sourceTree = "<group>"; };
		6FC9385923F1C43500E461AD /* ReviewCell.swift */ = {isa = PBXFileReference; lastKnownFileType = sourcecode.swift; path = ReviewCell.swift; sourceTree = "<group>"; };
		6FC9385B23F1E76A00E461AD /* Reviews.swift */ = {isa = PBXFileReference; lastKnownFileType = sourcecode.swift; path = Reviews.swift; sourceTree = "<group>"; };
		E1BF455FCB585091FA9E232F /* Pods-AppStoreClone.release.xcconfig */ = {isa = PBXFileReference; includeInIndex = 1; lastKnownFileType = text.xcconfig; name = "Pods-AppStoreClone.release.xcconfig"; path = "Target Support Files/Pods-AppStoreClone/Pods-AppStoreClone.release.xcconfig"; sourceTree = "<group>"; };
		EE80E06CCE47FC9D21724010 /* Pods-AppStoreClone.debug.xcconfig */ = {isa = PBXFileReference; includeInIndex = 1; lastKnownFileType = text.xcconfig; name = "Pods-AppStoreClone.debug.xcconfig"; path = "Target Support Files/Pods-AppStoreClone/Pods-AppStoreClone.debug.xcconfig"; sourceTree = "<group>"; };
/* End PBXFileReference section */

/* Begin PBXFrameworksBuildPhase section */
		6FC6CC4F23E98A84002A07BB /* Frameworks */ = {
			isa = PBXFrameworksBuildPhase;
			buildActionMask = 2147483647;
			files = (
				0C475887020AF5D6D17725DE /* Pods_AppStoreClone.framework in Frameworks */,
			);
			runOnlyForDeploymentPostprocessing = 0;
		};
/* End PBXFrameworksBuildPhase section */

/* Begin PBXGroup section */
		6257AE5A5EFE2924A47BD809 /* Pods */ = {
			isa = PBXGroup;
			children = (
				EE80E06CCE47FC9D21724010 /* Pods-AppStoreClone.debug.xcconfig */,
				E1BF455FCB585091FA9E232F /* Pods-AppStoreClone.release.xcconfig */,
			);
			path = Pods;
			sourceTree = "<group>";
		};
		6FC6CC4923E98A84002A07BB = {
			isa = PBXGroup;
			children = (
				6FC6CC5423E98A84002A07BB /* AppStoreClone */,
				6FC6CC5323E98A84002A07BB /* Products */,
				6257AE5A5EFE2924A47BD809 /* Pods */,
				7D5A0E3CD24E1441A81A3C60 /* Frameworks */,
			);
			sourceTree = "<group>";
		};
		6FC6CC5323E98A84002A07BB /* Products */ = {
			isa = PBXGroup;
			children = (
				6FC6CC5223E98A84002A07BB /* AppStoreClone.app */,
			);
			name = Products;
			sourceTree = "<group>";
		};
		6FC6CC5423E98A84002A07BB /* AppStoreClone */ = {
			isa = PBXGroup;
			children = (
				6FC6CC7923EC5CE2002A07BB /* Service */,
				6FC6CC7623EC23D6002A07BB /* Model */,
				6FC6CC7123E9C552002A07BB /* Helpers */,
				6FC6CC6E23E9B61A002A07BB /* Views */,
				6FC6CC6B23E99DF4002A07BB /* Controller */,
				6FC6CC5523E98A84002A07BB /* AppDelegate.swift */,
				6FC6CC5723E98A84002A07BB /* SceneDelegate.swift */,
				6FC6CC5923E98A84002A07BB /* ViewController.swift */,
				6FC6CC5B23E98A84002A07BB /* Main.storyboard */,
				6FC6CC5E23E98A8A002A07BB /* Assets.xcassets */,
				6FC6CC6023E98A8A002A07BB /* LaunchScreen.storyboard */,
				6FC6CC6323E98A8A002A07BB /* Info.plist */,
			);
			path = AppStoreClone;
			sourceTree = "<group>";
		};
		6FC6CC6B23E99DF4002A07BB /* Controller */ = {
			isa = PBXGroup;
			children = (
				6FC6CC6923E98BB9002A07BB /* BaseTabBarController.swift */,
				6FC9383023EEBD4700E461AD /* BaseListController.swift */,
				6FC9384623F06FFD00E461AD /* HorizontalSnappingController.swift */,
				6FC9383223EEBE1F00E461AD /* Search */,
				6FC9382D23EEBC0000E461AD /* Apps */,
				6FC9384A23F1725E00E461AD /* Details */,
			);
			path = Controller;
			sourceTree = "<group>";
		};
		6FC6CC6E23E9B61A002A07BB /* Views */ = {
			isa = PBXGroup;
			children = (
				6FC9383323EEBFB400E461AD /* Apps */,
				6FC6CC6F23E9B64C002A07BB /* SearchResultCell.swift */,
			);
			path = Views;
			sourceTree = "<group>";
		};
		6FC6CC7123E9C552002A07BB /* Helpers */ = {
			isa = PBXGroup;
			children = (
				6FC6CC7223E9C597002A07BB /* UIView+Layout.swift */,
				6FC6CC7423E9C9BF002A07BB /* VerticalStackView.swift */,
				6FC9383A23EECF8800E461AD /* Extensions.swift */,
				6FC9384823F07E5B00E461AD /* BetterSnappingLayout.swift */,
			);
			path = Helpers;
			sourceTree = "<group>";
		};
		6FC6CC7623EC23D6002A07BB /* Model */ = {
			isa = PBXGroup;
			children = (
				6FC6CC7723EC23F0002A07BB /* SearchResult.swift */,
				6FC9384223EF483400E461AD /* AppGroup.swift */,
				6FC9384423F03FC800E461AD /* HeaderApp.swift */,
				6FC9385B23F1E76A00E461AD /* Reviews.swift */,
			);
			path = Model;
			sourceTree = "<group>";
		};
		6FC6CC7923EC5CE2002A07BB /* Service */ = {
			isa = PBXGroup;
			children = (
				6FC6CC7A23EC5CFB002A07BB /* Service.swift */,
			);
			path = Service;
			sourceTree = "<group>";
		};
		6FC9382D23EEBC0000E461AD /* Apps */ = {
			isa = PBXGroup;
			children = (
				6FC9382E23EEBC2300E461AD /* AppsPageController.swift */,
				6FC9383623EEC42B00E461AD /* AppsHorizontalController.swift */,
				6FC9383E23EEE17800E461AD /* AppsHeaderHorizontalController.swift */,
			);
			path = Apps;
			sourceTree = "<group>";
		};
		6FC9383223EEBE1F00E461AD /* Search */ = {
			isa = PBXGroup;
			children = (
				6FC6CC6C23E99E38002A07BB /* AppsSearchController.swift */,
			);
			path = Search;
			sourceTree = "<group>";
		};
		6FC9383323EEBFB400E461AD /* Apps */ = {
			isa = PBXGroup;
			children = (
				6FC9384E23F17C6E00E461AD /* Details */,
				6FC9383423EEBFD300E461AD /* AppsGroupCell.swift */,
				6FC9383823EECEC300E461AD /* AppRowCell.swift */,
				6FC9383C23EED95C00E461AD /* AppsPageHeader.swift */,
				6FC9384023EEE3B400E461AD /* AppsHeaderCell.swift */,
			);
			path = Apps;
			sourceTree = "<group>";
		};
		6FC9384A23F1725E00E461AD /* Details */ = {
			isa = PBXGroup;
			children = (
				6FC9384B23F1728200E461AD /* AppDetailController.swift */,
				6FC9385323F1A55600E461AD /* PreviewScreenshotsController.swift */,
				6FC9385723F1C16500E461AD /* ReviewsController.swift */,
			);
			path = Details;
			sourceTree = "<group>";
		};
		6FC9384E23F17C6E00E461AD /* Details */ = {
			isa = PBXGroup;
			children = (
				6FC9384F23F17C8C00E461AD /* AppDetailCell.swift */,
				6FC9385123F1A36C00E461AD /* PreviewCell.swift */,
				6FC9385523F1BF4100E461AD /* ReviewRowCell.swift */,
				6FC9385923F1C43500E461AD /* ReviewCell.swift */,
			);
			path = Details;
			sourceTree = "<group>";
		};
		7D5A0E3CD24E1441A81A3C60 /* Frameworks */ = {
			isa = PBXGroup;
			children = (
				4BBF99CD1B1583279AB1F073 /* Pods_AppStoreClone.framework */,
			);
			name = Frameworks;
			sourceTree = "<group>";
		};
/* End PBXGroup section */

/* Begin PBXNativeTarget section */
		6FC6CC5123E98A84002A07BB /* AppStoreClone */ = {
			isa = PBXNativeTarget;
			buildConfigurationList = 6FC6CC6623E98A8A002A07BB /* Build configuration list for PBXNativeTarget "AppStoreClone" */;
			buildPhases = (
				358D0A3615EA7B8FBD24EDFC /* [CP] Check Pods Manifest.lock */,
				6FC6CC4E23E98A84002A07BB /* Sources */,
				6FC6CC4F23E98A84002A07BB /* Frameworks */,
				6FC6CC5023E98A84002A07BB /* Resources */,
				8ABB60097565EC6D2B691577 /* [CP] Embed Pods Frameworks */,
			);
			buildRules = (
			);
			dependencies = (
			);
			name = AppStoreClone;
			productName = AppStoreClone;
			productReference = 6FC6CC5223E98A84002A07BB /* AppStoreClone.app */;
			productType = "com.apple.product-type.application";
		};
/* End PBXNativeTarget section */

/* Begin PBXProject section */
		6FC6CC4A23E98A84002A07BB /* Project object */ = {
			isa = PBXProject;
			attributes = {
				LastSwiftUpdateCheck = 1130;
				LastUpgradeCheck = 1130;
				ORGANIZATIONNAME = "Mohammed Hamdi";
				TargetAttributes = {
					6FC6CC5123E98A84002A07BB = {
						CreatedOnToolsVersion = 11.3;
					};
				};
			};
			buildConfigurationList = 6FC6CC4D23E98A84002A07BB /* Build configuration list for PBXProject "AppStoreClone" */;
			compatibilityVersion = "Xcode 9.3";
			developmentRegion = en;
			hasScannedForEncodings = 0;
			knownRegions = (
				en,
				Base,
			);
			mainGroup = 6FC6CC4923E98A84002A07BB;
			productRefGroup = 6FC6CC5323E98A84002A07BB /* Products */;
			projectDirPath = "";
			projectRoot = "";
			targets = (
				6FC6CC5123E98A84002A07BB /* AppStoreClone */,
			);
		};
/* End PBXProject section */

/* Begin PBXResourcesBuildPhase section */
		6FC6CC5023E98A84002A07BB /* Resources */ = {
			isa = PBXResourcesBuildPhase;
			buildActionMask = 2147483647;
			files = (
				6FC6CC6223E98A8A002A07BB /* LaunchScreen.storyboard in Resources */,
				6FC6CC5F23E98A8A002A07BB /* Assets.xcassets in Resources */,
				6FC6CC5D23E98A84002A07BB /* Main.storyboard in Resources */,
			);
			runOnlyForDeploymentPostprocessing = 0;
		};
/* End PBXResourcesBuildPhase section */

/* Begin PBXShellScriptBuildPhase section */
		358D0A3615EA7B8FBD24EDFC /* [CP] Check Pods Manifest.lock */ = {
			isa = PBXShellScriptBuildPhase;
			buildActionMask = 2147483647;
			files = (
			);
			inputFileListPaths = (
			);
			inputPaths = (
				"${PODS_PODFILE_DIR_PATH}/Podfile.lock",
				"${PODS_ROOT}/Manifest.lock",
			);
			name = "[CP] Check Pods Manifest.lock";
			outputFileListPaths = (
			);
			outputPaths = (
				"$(DERIVED_FILE_DIR)/Pods-AppStoreClone-checkManifestLockResult.txt",
			);
			runOnlyForDeploymentPostprocessing = 0;
			shellPath = /bin/sh;
			shellScript = "diff \"${PODS_PODFILE_DIR_PATH}/Podfile.lock\" \"${PODS_ROOT}/Manifest.lock\" > /dev/null\nif [ $? != 0 ] ; then\n    # print error to STDERR\n    echo \"error: The sandbox is not in sync with the Podfile.lock. Run 'pod install' or update your CocoaPods installation.\" >&2\n    exit 1\nfi\n# This output is used by Xcode 'outputs' to avoid re-running this script phase.\necho \"SUCCESS\" > \"${SCRIPT_OUTPUT_FILE_0}\"\n";
			showEnvVarsInLog = 0;
		};
		8ABB60097565EC6D2B691577 /* [CP] Embed Pods Frameworks */ = {
			isa = PBXShellScriptBuildPhase;
			buildActionMask = 2147483647;
			files = (
			);
			inputFileListPaths = (
				"${PODS_ROOT}/Target Support Files/Pods-AppStoreClone/Pods-AppStoreClone-frameworks-${CONFIGURATION}-input-files.xcfilelist",
			);
			name = "[CP] Embed Pods Frameworks";
			outputFileListPaths = (
				"${PODS_ROOT}/Target Support Files/Pods-AppStoreClone/Pods-AppStoreClone-frameworks-${CONFIGURATION}-output-files.xcfilelist",
			);
			runOnlyForDeploymentPostprocessing = 0;
			shellPath = /bin/sh;
			shellScript = "\"${PODS_ROOT}/Target Support Files/Pods-AppStoreClone/Pods-AppStoreClone-frameworks.sh\"\n";
			showEnvVarsInLog = 0;
		};
/* End PBXShellScriptBuildPhase section */

/* Begin PBXSourcesBuildPhase section */
		6FC6CC4E23E98A84002A07BB /* Sources */ = {
			isa = PBXSourcesBuildPhase;
			buildActionMask = 2147483647;
			files = (
				6FC6CC6A23E98BB9002A07BB /* BaseTabBarController.swift in Sources */,
				6FC9385A23F1C43500E461AD /* ReviewCell.swift in Sources */,
				6FC9382F23EEBC2300E461AD /* AppsPageController.swift in Sources */,
				6FC6CC7823EC23F0002A07BB /* SearchResult.swift in Sources */,
				6FC6CC5A23E98A84002A07BB /* ViewController.swift in Sources */,
				6FC9385423F1A55600E461AD /* PreviewScreenshotsController.swift in Sources */,
				6FC6CC5623E98A84002A07BB /* AppDelegate.swift in Sources */,
				6FC6CC6D23E99E38002A07BB /* AppsSearchController.swift in Sources */,
				6FC9383523EEBFD300E461AD /* AppsGroupCell.swift in Sources */,
				6FC6CC7023E9B64C002A07BB /* SearchResultCell.swift in Sources */,
				6FC6CC7523E9C9BF002A07BB /* VerticalStackView.swift in Sources */,
				6FC9384723F06FFD00E461AD /* HorizontalSnappingController.swift in Sources */,
				6FC9384923F07E5B00E461AD /* BetterSnappingLayout.swift in Sources */,
				6FC6CC7B23EC5CFB002A07BB /* Service.swift in Sources */,
				6FC9384C23F1728200E461AD /* AppDetailController.swift in Sources */,
				6FC9383F23EEE17800E461AD /* AppsHeaderHorizontalController.swift in Sources */,
				6FC9383D23EED95C00E461AD /* AppsPageHeader.swift in Sources */,
				6FC6CC7323E9C598002A07BB /* UIView+Layout.swift in Sources */,
				6FC9383B23EECF8800E461AD /* Extensions.swift in Sources */,
				6FC9385823F1C16500E461AD /* ReviewsController.swift in Sources */,
				6FC9384523F03FC800E461AD /* HeaderApp.swift in Sources */,
				6FC9383123EEBD4700E461AD /* BaseListController.swift in Sources */,
				6FC9384323EF483400E461AD /* AppGroup.swift in Sources */,
				6FC9385C23F1E76A00E461AD /* Reviews.swift in Sources */,
				6FC9385023F17C8C00E461AD /* AppDetailCell.swift in Sources */,
				6FC9384123EEE3B400E461AD /* AppsHeaderCell.swift in Sources */,
				6FC9385223F1A36C00E461AD /* PreviewCell.swift in Sources */,
				6FC9385623F1BF4100E461AD /* ReviewRowCell.swift in Sources */,
				6FC6CC5823E98A84002A07BB /* SceneDelegate.swift in Sources */,
				6FC9383723EEC42B00E461AD /* AppsHorizontalController.swift in Sources */,
				6FC9383923EECEC300E461AD /* AppRowCell.swift in Sources */,
			);
			runOnlyForDeploymentPostprocessing = 0;
		};
/* End PBXSourcesBuildPhase section */

/* Begin PBXVariantGroup section */
		6FC6CC5B23E98A84002A07BB /* Main.storyboard */ = {
			isa = PBXVariantGroup;
			children = (
				6FC6CC5C23E98A84002A07BB /* Base */,
			);
			name = Main.storyboard;
			sourceTree = "<group>";
		};
		6FC6CC6023E98A8A002A07BB /* LaunchScreen.storyboard */ = {
			isa = PBXVariantGroup;
			children = (
				6FC6CC6123E98A8A002A07BB /* Base */,
			);
			name = LaunchScreen.storyboard;
			sourceTree = "<group>";
		};
/* End PBXVariantGroup section */

/* Begin XCBuildConfiguration section */
		6FC6CC6423E98A8A002A07BB /* Debug */ = {
			isa = XCBuildConfiguration;
			buildSettings = {
				ALWAYS_SEARCH_USER_PATHS = NO;
				CLANG_ANALYZER_NONNULL = YES;
				CLANG_ANALYZER_NUMBER_OBJECT_CONVERSION = YES_AGGRESSIVE;
				CLANG_CXX_LANGUAGE_STANDARD = "gnu++14";
				CLANG_CXX_LIBRARY = "libc++";
				CLANG_ENABLE_MODULES = YES;
				CLANG_ENABLE_OBJC_ARC = YES;
				CLANG_ENABLE_OBJC_WEAK = YES;
				CLANG_WARN_BLOCK_CAPTURE_AUTORELEASING = YES;
				CLANG_WARN_BOOL_CONVERSION = YES;
				CLANG_WARN_COMMA = YES;
				CLANG_WARN_CONSTANT_CONVERSION = YES;
				CLANG_WARN_DEPRECATED_OBJC_IMPLEMENTATIONS = YES;
				CLANG_WARN_DIRECT_OBJC_ISA_USAGE = YES_ERROR;
				CLANG_WARN_DOCUMENTATION_COMMENTS = YES;
				CLANG_WARN_EMPTY_BODY = YES;
				CLANG_WARN_ENUM_CONVERSION = YES;
				CLANG_WARN_INFINITE_RECURSION = YES;
				CLANG_WARN_INT_CONVERSION = YES;
				CLANG_WARN_NON_LITERAL_NULL_CONVERSION = YES;
				CLANG_WARN_OBJC_IMPLICIT_RETAIN_SELF = YES;
				CLANG_WARN_OBJC_LITERAL_CONVERSION = YES;
				CLANG_WARN_OBJC_ROOT_CLASS = YES_ERROR;
				CLANG_WARN_RANGE_LOOP_ANALYSIS = YES;
				CLANG_WARN_STRICT_PROTOTYPES = YES;
				CLANG_WARN_SUSPICIOUS_MOVE = YES;
				CLANG_WARN_UNGUARDED_AVAILABILITY = YES_AGGRESSIVE;
				CLANG_WARN_UNREACHABLE_CODE = YES;
				CLANG_WARN__DUPLICATE_METHOD_MATCH = YES;
				COPY_PHASE_STRIP = NO;
				DEBUG_INFORMATION_FORMAT = dwarf;
				ENABLE_STRICT_OBJC_MSGSEND = YES;
				ENABLE_TESTABILITY = YES;
				GCC_C_LANGUAGE_STANDARD = gnu11;
				GCC_DYNAMIC_NO_PIC = NO;
				GCC_NO_COMMON_BLOCKS = YES;
				GCC_OPTIMIZATION_LEVEL = 0;
				GCC_PREPROCESSOR_DEFINITIONS = (
					"DEBUG=1",
					"$(inherited)",
				);
				GCC_WARN_64_TO_32_BIT_CONVERSION = YES;
				GCC_WARN_ABOUT_RETURN_TYPE = YES_ERROR;
				GCC_WARN_UNDECLARED_SELECTOR = YES;
				GCC_WARN_UNINITIALIZED_AUTOS = YES_AGGRESSIVE;
				GCC_WARN_UNUSED_FUNCTION = YES;
				GCC_WARN_UNUSED_VARIABLE = YES;
				IPHONEOS_DEPLOYMENT_TARGET = 13.2;
				MTL_ENABLE_DEBUG_INFO = INCLUDE_SOURCE;
				MTL_FAST_MATH = YES;
				ONLY_ACTIVE_ARCH = YES;
				SDKROOT = iphoneos;
				SWIFT_ACTIVE_COMPILATION_CONDITIONS = DEBUG;
				SWIFT_OPTIMIZATION_LEVEL = "-Onone";
			};
			name = Debug;
		};
		6FC6CC6523E98A8A002A07BB /* Release */ = {
			isa = XCBuildConfiguration;
			buildSettings = {
				ALWAYS_SEARCH_USER_PATHS = NO;
				CLANG_ANALYZER_NONNULL = YES;
				CLANG_ANALYZER_NUMBER_OBJECT_CONVERSION = YES_AGGRESSIVE;
				CLANG_CXX_LANGUAGE_STANDARD = "gnu++14";
				CLANG_CXX_LIBRARY = "libc++";
				CLANG_ENABLE_MODULES = YES;
				CLANG_ENABLE_OBJC_ARC = YES;
				CLANG_ENABLE_OBJC_WEAK = YES;
				CLANG_WARN_BLOCK_CAPTURE_AUTORELEASING = YES;
				CLANG_WARN_BOOL_CONVERSION = YES;
				CLANG_WARN_COMMA = YES;
				CLANG_WARN_CONSTANT_CONVERSION = YES;
				CLANG_WARN_DEPRECATED_OBJC_IMPLEMENTATIONS = YES;
				CLANG_WARN_DIRECT_OBJC_ISA_USAGE = YES_ERROR;
				CLANG_WARN_DOCUMENTATION_COMMENTS = YES;
				CLANG_WARN_EMPTY_BODY = YES;
				CLANG_WARN_ENUM_CONVERSION = YES;
				CLANG_WARN_INFINITE_RECURSION = YES;
				CLANG_WARN_INT_CONVERSION = YES;
				CLANG_WARN_NON_LITERAL_NULL_CONVERSION = YES;
				CLANG_WARN_OBJC_IMPLICIT_RETAIN_SELF = YES;
				CLANG_WARN_OBJC_LITERAL_CONVERSION = YES;
				CLANG_WARN_OBJC_ROOT_CLASS = YES_ERROR;
				CLANG_WARN_RANGE_LOOP_ANALYSIS = YES;
				CLANG_WARN_STRICT_PROTOTYPES = YES;
				CLANG_WARN_SUSPICIOUS_MOVE = YES;
				CLANG_WARN_UNGUARDED_AVAILABILITY = YES_AGGRESSIVE;
				CLANG_WARN_UNREACHABLE_CODE = YES;
				CLANG_WARN__DUPLICATE_METHOD_MATCH = YES;
				COPY_PHASE_STRIP = NO;
				DEBUG_INFORMATION_FORMAT = "dwarf-with-dsym";
				ENABLE_NS_ASSERTIONS = NO;
				ENABLE_STRICT_OBJC_MSGSEND = YES;
				GCC_C_LANGUAGE_STANDARD = gnu11;
				GCC_NO_COMMON_BLOCKS = YES;
				GCC_WARN_64_TO_32_BIT_CONVERSION = YES;
				GCC_WARN_ABOUT_RETURN_TYPE = YES_ERROR;
				GCC_WARN_UNDECLARED_SELECTOR = YES;
				GCC_WARN_UNINITIALIZED_AUTOS = YES_AGGRESSIVE;
				GCC_WARN_UNUSED_FUNCTION = YES;
				GCC_WARN_UNUSED_VARIABLE = YES;
				IPHONEOS_DEPLOYMENT_TARGET = 13.2;
				MTL_ENABLE_DEBUG_INFO = NO;
				MTL_FAST_MATH = YES;
				SDKROOT = iphoneos;
				SWIFT_COMPILATION_MODE = wholemodule;
				SWIFT_OPTIMIZATION_LEVEL = "-O";
				VALIDATE_PRODUCT = YES;
			};
			name = Release;
		};
		6FC6CC6723E98A8A002A07BB /* Debug */ = {
			isa = XCBuildConfiguration;
			baseConfigurationReference = EE80E06CCE47FC9D21724010 /* Pods-AppStoreClone.debug.xcconfig */;
			buildSettings = {
				ASSETCATALOG_COMPILER_APPICON_NAME = AppIcon;
				CODE_SIGN_STYLE = Automatic;
				DEVELOPMENT_TEAM = NXA9FH974Z;
				INFOPLIST_FILE = AppStoreClone/Info.plist;
				LD_RUNPATH_SEARCH_PATHS = (
					"$(inherited)",
					"@executable_path/Frameworks",
				);
				PRODUCT_BUNDLE_IDENTIFIER = com.MHAH.AppStoreClone;
				PRODUCT_NAME = "$(TARGET_NAME)";
				SWIFT_VERSION = 5.0;
				TARGETED_DEVICE_FAMILY = "1,2";
			};
			name = Debug;
		};
		6FC6CC6823E98A8A002A07BB /* Release */ = {
			isa = XCBuildConfiguration;
			baseConfigurationReference = E1BF455FCB585091FA9E232F /* Pods-AppStoreClone.release.xcconfig */;
			buildSettings = {
				ASSETCATALOG_COMPILER_APPICON_NAME = AppIcon;
				CODE_SIGN_STYLE = Automatic;
				DEVELOPMENT_TEAM = NXA9FH974Z;
				INFOPLIST_FILE = AppStoreClone/Info.plist;
				LD_RUNPATH_SEARCH_PATHS = (
					"$(inherited)",
					"@executable_path/Frameworks",
				);
				PRODUCT_BUNDLE_IDENTIFIER = com.MHAH.AppStoreClone;
				PRODUCT_NAME = "$(TARGET_NAME)";
				SWIFT_VERSION = 5.0;
				TARGETED_DEVICE_FAMILY = "1,2";
			};
			name = Release;
		};
/* End XCBuildConfiguration section */

/* Begin XCConfigurationList section */
		6FC6CC4D23E98A84002A07BB /* Build configuration list for PBXProject "AppStoreClone" */ = {
			isa = XCConfigurationList;
			buildConfigurations = (
				6FC6CC6423E98A8A002A07BB /* Debug */,
				6FC6CC6523E98A8A002A07BB /* Release */,
			);
			defaultConfigurationIsVisible = 0;
			defaultConfigurationName = Release;
		};
		6FC6CC6623E98A8A002A07BB /* Build configuration list for PBXNativeTarget "AppStoreClone" */ = {
			isa = XCConfigurationList;
			buildConfigurations = (
				6FC6CC6723E98A8A002A07BB /* Debug */,
				6FC6CC6823E98A8A002A07BB /* Release */,
			);
			defaultConfigurationIsVisible = 0;
			defaultConfigurationName = Release;
		};
/* End XCConfigurationList section */
	};
	rootObject = 6FC6CC4A23E98A84002A07BB /* Project object */;
}
